
Microsoft Visual Studio Solution File, Format Version 12.00
# Visual Studio 15
VisualStudioVersion = 15.0.33529.398
MinimumVisualStudioVersion = 10.0.40219.1
Project("{8BC9CEB8-8B4A-11D0-8D11-00A0C91BC942}") = "SnakeHu", "SnakeHu\SnakeHu.vcxproj", "{B48EE5EF-0863-4BE0-9BAE-7F8B45F7385D}"
EndProject
Global
	GlobalSection(SolutionConfigurationPlatforms) = preSolution
		Debug|x64 = Debug|x64
		Release|x64 = Release|x64
	EndGlobalSection
	GlobalSection(ProjectConfigurationPlatforms) = postSolution
		{B48EE5EF-0863-4BE0-9BAE-7F8B45F7385D}.Debug|x64.ActiveCfg = Debug|x64
		{B48EE5EF-0863-4BE0-9BAE-7F8B45F7385D}.Debug|x64.Build.0 = Debug|x64
		{B48EE5EF-0863-4BE0-9BAE-7F8B45F7385D}.Release|x64.ActiveCfg = Release|x64
		{B48EE5EF-0863-4BE0-9BAE-7F8B45F7385D}.Release|x64.Build.0 = Release|x64
	EndGlobalSection
	GlobalSection(SolutionProperties) = preSolution
		HideSolutionNode = FALSE
	EndGlobalSection
	GlobalSection(ExtensibilityGlobals) = postSolution
		SolutionGuid = {DBA9465A-291B-48B3-87DB-CFC5F54FDADA}
	EndGlobalSection
EndGlobal
